
Microsoft Visual Studio Solution File, Format Version 12.00
# Visual Studio Version 17
VisualStudioVersion = 17.5.002.0
MinimumVisualStudioVersion = 10.0.40219.1
Project("{2150E333-8FDC-42A3-9474-1A3956D46DE8}") = "tests", "tests", "{51B1BCE7-D1D9-4552-A0B6-23EED76525DE}"
EndProject
Project("{2150E333-8FDC-42A3-9474-1A3956D46DE8}") = "Server", "Server", "{ED9FA3DE-5E29-45A4-98A6-F00358579AC2}"
EndProject
Project("{9A19103F-16F7-4668-BE54-9A1E7A4F7556}") = "Functional", "tests\Server\Functional\Functional.csproj", "{BD764968-6341-4E12-9BD2-774F1D09AAE3}"
EndProject
Project("{9A19103F-16F7-4668-BE54-9A1E7A4F7556}") = "Integration", "tests\Server\Integration\Integration.csproj", "{8BCC32F0-DFB1-4216-920F-7C690BE5F1E5}"
EndProject
Project("{9A19103F-16F7-4668-BE54-9A1E7A4F7556}") = "Unit", "tests\Server\Unit\Unit.csproj", "{1B3F98AC-9D56-4D0C-ADB8-2A7E656ABAFD}"
EndProject
Project("{9A19103F-16F7-4668-BE54-9A1E7A4F7556}") = "PublicApiIntegration", "tests\Server\PublicApiIntegration\PublicApiIntegration.csproj", "{07129B01-E9C7-4557-95AA-58FB064F233D}"
EndProject
Project("{2150E333-8FDC-42A3-9474-1A3956D46DE8}") = "src", "src", "{52F743AD-487F-477C-B77A-ED603A36BAB3}"
EndProject
Project("{2150E333-8FDC-42A3-9474-1A3956D46DE8}") = "Server", "Server", "{C240BA4C-C079-432A-A3D3-4BA17831A5AE}"
EndProject
Project("{2150E333-8FDC-42A3-9474-1A3956D46DE8}") = "Hako.Server", "Hako.Server", "{E3F6D948-50CB-44C3-8A68-8CCF50D16E88}"
EndProject
Project("{9A19103F-16F7-4668-BE54-9A1E7A4F7556}") = "Server.Domain", "src\Server\Hako.Server\Server.Domain\Server.Domain.csproj", "{F08AF772-3847-49FA-B977-FFC107706925}"
EndProject
Project("{9A19103F-16F7-4668-BE54-9A1E7A4F7556}") = "Server.ServerGate", "src\Server\Hako.Server\Server.ServerGate\Server.ServerGate.csproj", "{E55BAD1C-7D6C-48E0-B740-99ECA2D4E9B2}"
EndProject
Project("{2150E333-8FDC-42A3-9474-1A3956D46DE8}") = "Hako.Api", "Hako.Api", "{AAB6C075-3A88-4E07-AC22-47B685B3FD27}"
EndProject
Project("{9A19103F-16F7-4668-BE54-9A1E7A4F7556}") = "Api.Public", "src\Server\Hako.Api\Api.Public\Api.Public.csproj", "{2225DFEC-3E5B-432B-8ACC-5E25A0353500}"
EndProject
Project("{9A19103F-16F7-4668-BE54-9A1E7A4F7556}") = "Api.ServiceClient", "src\Server\Hako.Api\Api.ServiceClient\Api.ServiceClient.csproj", "{74BCBA03-06FF-45DD-B675-0B02627C3DFD}"
EndProject
Project("{2150E333-8FDC-42A3-9474-1A3956D46DE8}") = "Hako.Telegram", "Hako.Telegram", "{AB64E0E6-231E-4C55-81B9-21AD78731C82}"
EndProject
Project("{9A19103F-16F7-4668-BE54-9A1E7A4F7556}") = "Telegram.ServiceClient", "src\Server\Hako.Telegram\Telegram.ServiceClient\Telegram.ServiceClient.csproj", "{AFF50E4F-C7E4-4FB9-A0A1-D0FD6D6F14E0}"
EndProject
Project("{9A19103F-16F7-4668-BE54-9A1E7A4F7556}") = "Telegram.Main", "src\Server\Hako.Telegram\Telegram.Main\Telegram.Main.csproj", "{FB450BF6-63D8-4CBA-8672-735F0EA8F42E}"
EndProject
Global
	GlobalSection(SolutionConfigurationPlatforms) = preSolution
		Debug|Any CPU = Debug|Any CPU
		Release|Any CPU = Release|Any CPU
	EndGlobalSection
	GlobalSection(ProjectConfigurationPlatforms) = postSolution
		{BD764968-6341-4E12-9BD2-774F1D09AAE3}.Debug|Any CPU.ActiveCfg = Debug|Any CPU
		{BD764968-6341-4E12-9BD2-774F1D09AAE3}.Debug|Any CPU.Build.0 = Debug|Any CPU
		{BD764968-6341-4E12-9BD2-774F1D09AAE3}.Release|Any CPU.ActiveCfg = Release|Any CPU
		{BD764968-6341-4E12-9BD2-774F1D09AAE3}.Release|Any CPU.Build.0 = Release|Any CPU
		{8BCC32F0-DFB1-4216-920F-7C690BE5F1E5}.Debug|Any CPU.ActiveCfg = Debug|Any CPU
		{8BCC32F0-DFB1-4216-920F-7C690BE5F1E5}.Debug|Any CPU.Build.0 = Debug|Any CPU
		{8BCC32F0-DFB1-4216-920F-7C690BE5F1E5}.Release|Any CPU.ActiveCfg = Release|Any CPU
		{8BCC32F0-DFB1-4216-920F-7C690BE5F1E5}.Release|Any CPU.Build.0 = Release|Any CPU
		{1B3F98AC-9D56-4D0C-ADB8-2A7E656ABAFD}.Debug|Any CPU.ActiveCfg = Debug|Any CPU
		{1B3F98AC-9D56-4D0C-ADB8-2A7E656ABAFD}.Debug|Any CPU.Build.0 = Debug|Any CPU
		{1B3F98AC-9D56-4D0C-ADB8-2A7E656ABAFD}.Release|Any CPU.ActiveCfg = Release|Any CPU
		{1B3F98AC-9D56-4D0C-ADB8-2A7E656ABAFD}.Release|Any CPU.Build.0 = Release|Any CPU
		{07129B01-E9C7-4557-95AA-58FB064F233D}.Debug|Any CPU.ActiveCfg = Debug|Any CPU
		{07129B01-E9C7-4557-95AA-58FB064F233D}.Debug|Any CPU.Build.0 = Debug|Any CPU
		{07129B01-E9C7-4557-95AA-58FB064F233D}.Release|Any CPU.ActiveCfg = Release|Any CPU
		{07129B01-E9C7-4557-95AA-58FB064F233D}.Release|Any CPU.Build.0 = Release|Any CPU
		{F08AF772-3847-49FA-B977-FFC107706925}.Debug|Any CPU.ActiveCfg = Debug|Any CPU
		{F08AF772-3847-49FA-B977-FFC107706925}.Debug|Any CPU.Build.0 = Debug|Any CPU
		{F08AF772-3847-49FA-B977-FFC107706925}.Release|Any CPU.ActiveCfg = Release|Any CPU
		{F08AF772-3847-49FA-B977-FFC107706925}.Release|Any CPU.Build.0 = Release|Any CPU
		{E55BAD1C-7D6C-48E0-B740-99ECA2D4E9B2}.Debug|Any CPU.ActiveCfg = Debug|Any CPU
		{E55BAD1C-7D6C-48E0-B740-99ECA2D4E9B2}.Debug|Any CPU.Build.0 = Debug|Any CPU
		{E55BAD1C-7D6C-48E0-B740-99ECA2D4E9B2}.Release|Any CPU.ActiveCfg = Release|Any CPU
		{E55BAD1C-7D6C-48E0-B740-99ECA2D4E9B2}.Release|Any CPU.Build.0 = Release|Any CPU
		{2225DFEC-3E5B-432B-8ACC-5E25A0353500}.Debug|Any CPU.ActiveCfg = Debug|Any CPU
		{2225DFEC-3E5B-432B-8ACC-5E25A0353500}.Debug|Any CPU.Build.0 = Debug|Any CPU
		{2225DFEC-3E5B-432B-8ACC-5E25A0353500}.Release|Any CPU.ActiveCfg = Release|Any CPU
		{2225DFEC-3E5B-432B-8ACC-5E25A0353500}.Release|Any CPU.Build.0 = Release|Any CPU
		{74BCBA03-06FF-45DD-B675-0B02627C3DFD}.Debug|Any CPU.ActiveCfg = Debug|Any CPU
		{74BCBA03-06FF-45DD-B675-0B02627C3DFD}.Debug|Any CPU.Build.0 = Debug|Any CPU
		{74BCBA03-06FF-45DD-B675-0B02627C3DFD}.Release|Any CPU.ActiveCfg = Release|Any CPU
		{74BCBA03-06FF-45DD-B675-0B02627C3DFD}.Release|Any CPU.Build.0 = Release|Any CPU
		{AFF50E4F-C7E4-4FB9-A0A1-D0FD6D6F14E0}.Debug|Any CPU.ActiveCfg = Debug|Any CPU
		{AFF50E4F-C7E4-4FB9-A0A1-D0FD6D6F14E0}.Debug|Any CPU.Build.0 = Debug|Any CPU
		{AFF50E4F-C7E4-4FB9-A0A1-D0FD6D6F14E0}.Release|Any CPU.ActiveCfg = Release|Any CPU
		{AFF50E4F-C7E4-4FB9-A0A1-D0FD6D6F14E0}.Release|Any CPU.Build.0 = Release|Any CPU
		{FB450BF6-63D8-4CBA-8672-735F0EA8F42E}.Debug|Any CPU.ActiveCfg = Debug|Any CPU
		{FB450BF6-63D8-4CBA-8672-735F0EA8F42E}.Debug|Any CPU.Build.0 = Debug|Any CPU
		{FB450BF6-63D8-4CBA-8672-735F0EA8F42E}.Release|Any CPU.ActiveCfg = Release|Any CPU
		{FB450BF6-63D8-4CBA-8672-735F0EA8F42E}.Release|Any CPU.Build.0 = Release|Any CPU
	EndGlobalSection
	GlobalSection(SolutionProperties) = preSolution
		HideSolutionNode = FALSE
	EndGlobalSection
	GlobalSection(NestedProjects) = preSolution
		{ED9FA3DE-5E29-45A4-98A6-F00358579AC2} = {51B1BCE7-D1D9-4552-A0B6-23EED76525DE}
		{BD764968-6341-4E12-9BD2-774F1D09AAE3} = {ED9FA3DE-5E29-45A4-98A6-F00358579AC2}
		{8BCC32F0-DFB1-4216-920F-7C690BE5F1E5} = {ED9FA3DE-5E29-45A4-98A6-F00358579AC2}
		{1B3F98AC-9D56-4D0C-ADB8-2A7E656ABAFD} = {ED9FA3DE-5E29-45A4-98A6-F00358579AC2}
		{07129B01-E9C7-4557-95AA-58FB064F233D} = {ED9FA3DE-5E29-45A4-98A6-F00358579AC2}
		{C240BA4C-C079-432A-A3D3-4BA17831A5AE} = {52F743AD-487F-477C-B77A-ED603A36BAB3}
		{E3F6D948-50CB-44C3-8A68-8CCF50D16E88} = {C240BA4C-C079-432A-A3D3-4BA17831A5AE}
		{F08AF772-3847-49FA-B977-FFC107706925} = {E3F6D948-50CB-44C3-8A68-8CCF50D16E88}
		{E55BAD1C-7D6C-48E0-B740-99ECA2D4E9B2} = {E3F6D948-50CB-44C3-8A68-8CCF50D16E88}
		{AAB6C075-3A88-4E07-AC22-47B685B3FD27} = {C240BA4C-C079-432A-A3D3-4BA17831A5AE}
		{2225DFEC-3E5B-432B-8ACC-5E25A0353500} = {AAB6C075-3A88-4E07-AC22-47B685B3FD27}
		{74BCBA03-06FF-45DD-B675-0B02627C3DFD} = {AAB6C075-3A88-4E07-AC22-47B685B3FD27}
		{AB64E0E6-231E-4C55-81B9-21AD78731C82} = {C240BA4C-C079-432A-A3D3-4BA17831A5AE}
		{AFF50E4F-C7E4-4FB9-A0A1-D0FD6D6F14E0} = {AB64E0E6-231E-4C55-81B9-21AD78731C82}
		{FB450BF6-63D8-4CBA-8672-735F0EA8F42E} = {AB64E0E6-231E-4C55-81B9-21AD78731C82}
	EndGlobalSection
	GlobalSection(ExtensibilityGlobals) = postSolution
		SolutionGuid = {5C69F525-ABE1-443E-AC9E-AB1E0FA43C76}
	EndGlobalSection
EndGlobal
