
Microsoft Visual Studio Solution File, Format Version 12.00
# Visual Studio Version 17
VisualStudioVersion = 17.5.002.0
MinimumVisualStudioVersion = 10.0.40219.1
Project("{2150E333-8FDC-42A3-9474-1A3956D46DE8}") = "tests", "tests", "{BB12026F-DBDE-498E-A86C-AF5E358C898F}"
EndProject
Project("{2150E333-8FDC-42A3-9474-1A3956D46DE8}") = "Server", "Server", "{C31D5C3F-0988-4EF8-B9BE-D3C685329D46}"
EndProject
Project("{9A19103F-16F7-4668-BE54-9A1E7A4F7556}") = "Functional", "tests\Server\Functional\Functional.csproj", "{1EAA18D5-817E-44C4-894B-B8059ED55D33}"
EndProject
Project("{9A19103F-16F7-4668-BE54-9A1E7A4F7556}") = "Integration", "tests\Server\Integration\Integration.csproj", "{B89A44D9-D6B0-4E3D-BCA2-C55346AD72A3}"
EndProject
Project("{9A19103F-16F7-4668-BE54-9A1E7A4F7556}") = "Unit", "tests\Server\Unit\Unit.csproj", "{56C553F0-622D-4B7E-9B00-AF138D6B8DF2}"
EndProject
Project("{9A19103F-16F7-4668-BE54-9A1E7A4F7556}") = "PublicApiIntegration", "tests\Server\PublicApiIntegration\PublicApiIntegration.csproj", "{EC851656-9B6C-4E92-96E8-F3AE27D62A6D}"
EndProject
Project("{2150E333-8FDC-42A3-9474-1A3956D46DE8}") = "src", "src", "{CE710D19-65FE-47EF-B37E-3E8C39B1E595}"
EndProject
Project("{2150E333-8FDC-42A3-9474-1A3956D46DE8}") = "Server", "Server", "{1217E6CB-F35D-4986-9C13-09AC72CF75F9}"
EndProject
Project("{2150E333-8FDC-42A3-9474-1A3956D46DE8}") = "Hako.Server", "Hako.Server", "{04B2A48D-02E1-476A-95D0-2058D7B458B3}"
EndProject
Project("{9A19103F-16F7-4668-BE54-9A1E7A4F7556}") = "Server.Logic", "src\Server\Hako.Server\Server.Logic\Server.Logic.csproj", "{E7B07738-E657-4D3B-B7FF-5550443401CD}"
EndProject
Project("{9A19103F-16F7-4668-BE54-9A1E7A4F7556}") = "Server.Domain", "src\Server\Hako.Server\Server.Domain\Server.Domain.csproj", "{1232DC9D-F3BC-4DFE-81DA-BEED03BE9A8B}"
EndProject
Project("{9A19103F-16F7-4668-BE54-9A1E7A4F7556}") = "Server.ControlPanel", "src\Server\Hako.Server\Server.ControlPanel\Server.ControlPanel.csproj", "{28DF9A14-0442-474C-8B7E-790A57F4DA16}"
EndProject
Project("{9A19103F-16F7-4668-BE54-9A1E7A4F7556}") = "Server.ServerGate", "src\Server\Hako.Server\Server.ServerGate\Server.ServerGate.csproj", "{26A19BD6-A35F-40B9-AAB1-5D7FF32AFE1E}"
EndProject
Project("{9A19103F-16F7-4668-BE54-9A1E7A4F7556}") = "Server.Utils", "src\Server\Hako.Server\Server.Utils\Server.Utils.csproj", "{759C19B3-A56A-4810-A4A8-8ED83F2F3782}"
EndProject
Project("{9A19103F-16F7-4668-BE54-9A1E7A4F7556}") = "Server.Persistence", "src\Server\Hako.Server\Server.Persistence\Server.Persistence.csproj", "{0B38174D-53FF-420D-932B-2E34C866AD89}"
EndProject
Project("{2150E333-8FDC-42A3-9474-1A3956D46DE8}") = "Hako.Api", "Hako.Api", "{9A23F746-9E06-491B-AC9E-EB761321F822}"
EndProject
Project("{9A19103F-16F7-4668-BE54-9A1E7A4F7556}") = "Api.Public", "src\Server\Hako.Api\Api.Public\Api.Public.csproj", "{4A9F5A7E-265C-4135-86E7-537E95DF0268}"
EndProject
Project("{9A19103F-16F7-4668-BE54-9A1E7A4F7556}") = "Api.ServiceClient", "src\Server\Hako.Api\Api.ServiceClient\Api.ServiceClient.csproj", "{F657897C-9EC2-44DB-9F2C-BD91367B1FA5}"
EndProject
Project("{2150E333-8FDC-42A3-9474-1A3956D46DE8}") = "Hako.Telegram", "Hako.Telegram", "{2B695343-6C23-450A-A8AB-45B6E74DE5AA}"
EndProject
Project("{9A19103F-16F7-4668-BE54-9A1E7A4F7556}") = "Telegram.ServiceClient", "src\Server\Hako.Telegram\Telegram.ServiceClient\Telegram.ServiceClient.csproj", "{34CBE1AA-95BC-4BB7-8AC6-74AA254BE622}"
EndProject
Project("{9A19103F-16F7-4668-BE54-9A1E7A4F7556}") = "Telegram.Main", "src\Server\Hako.Telegram\Telegram.Main\Telegram.Main.csproj", "{56046C80-C6CF-4E58-9D05-F2C2AAC57965}"
EndProject
Global
	GlobalSection(SolutionConfigurationPlatforms) = preSolution
		Debug|Any CPU = Debug|Any CPU
		Release|Any CPU = Release|Any CPU
	EndGlobalSection
	GlobalSection(ProjectConfigurationPlatforms) = postSolution
		{1EAA18D5-817E-44C4-894B-B8059ED55D33}.Debug|Any CPU.ActiveCfg = Debug|Any CPU
		{1EAA18D5-817E-44C4-894B-B8059ED55D33}.Debug|Any CPU.Build.0 = Debug|Any CPU
		{1EAA18D5-817E-44C4-894B-B8059ED55D33}.Release|Any CPU.ActiveCfg = Release|Any CPU
		{1EAA18D5-817E-44C4-894B-B8059ED55D33}.Release|Any CPU.Build.0 = Release|Any CPU
		{B89A44D9-D6B0-4E3D-BCA2-C55346AD72A3}.Debug|Any CPU.ActiveCfg = Debug|Any CPU
		{B89A44D9-D6B0-4E3D-BCA2-C55346AD72A3}.Debug|Any CPU.Build.0 = Debug|Any CPU
		{B89A44D9-D6B0-4E3D-BCA2-C55346AD72A3}.Release|Any CPU.ActiveCfg = Release|Any CPU
		{B89A44D9-D6B0-4E3D-BCA2-C55346AD72A3}.Release|Any CPU.Build.0 = Release|Any CPU
		{56C553F0-622D-4B7E-9B00-AF138D6B8DF2}.Debug|Any CPU.ActiveCfg = Debug|Any CPU
		{56C553F0-622D-4B7E-9B00-AF138D6B8DF2}.Debug|Any CPU.Build.0 = Debug|Any CPU
		{56C553F0-622D-4B7E-9B00-AF138D6B8DF2}.Release|Any CPU.ActiveCfg = Release|Any CPU
		{56C553F0-622D-4B7E-9B00-AF138D6B8DF2}.Release|Any CPU.Build.0 = Release|Any CPU
		{EC851656-9B6C-4E92-96E8-F3AE27D62A6D}.Debug|Any CPU.ActiveCfg = Debug|Any CPU
		{EC851656-9B6C-4E92-96E8-F3AE27D62A6D}.Debug|Any CPU.Build.0 = Debug|Any CPU
		{EC851656-9B6C-4E92-96E8-F3AE27D62A6D}.Release|Any CPU.ActiveCfg = Release|Any CPU
		{EC851656-9B6C-4E92-96E8-F3AE27D62A6D}.Release|Any CPU.Build.0 = Release|Any CPU
		{E7B07738-E657-4D3B-B7FF-5550443401CD}.Debug|Any CPU.ActiveCfg = Debug|Any CPU
		{E7B07738-E657-4D3B-B7FF-5550443401CD}.Debug|Any CPU.Build.0 = Debug|Any CPU
		{E7B07738-E657-4D3B-B7FF-5550443401CD}.Release|Any CPU.ActiveCfg = Release|Any CPU
		{E7B07738-E657-4D3B-B7FF-5550443401CD}.Release|Any CPU.Build.0 = Release|Any CPU
		{1232DC9D-F3BC-4DFE-81DA-BEED03BE9A8B}.Debug|Any CPU.ActiveCfg = Debug|Any CPU
		{1232DC9D-F3BC-4DFE-81DA-BEED03BE9A8B}.Debug|Any CPU.Build.0 = Debug|Any CPU
		{1232DC9D-F3BC-4DFE-81DA-BEED03BE9A8B}.Release|Any CPU.ActiveCfg = Release|Any CPU
		{1232DC9D-F3BC-4DFE-81DA-BEED03BE9A8B}.Release|Any CPU.Build.0 = Release|Any CPU
		{28DF9A14-0442-474C-8B7E-790A57F4DA16}.Debug|Any CPU.ActiveCfg = Debug|Any CPU
		{28DF9A14-0442-474C-8B7E-790A57F4DA16}.Debug|Any CPU.Build.0 = Debug|Any CPU
		{28DF9A14-0442-474C-8B7E-790A57F4DA16}.Release|Any CPU.ActiveCfg = Release|Any CPU
		{28DF9A14-0442-474C-8B7E-790A57F4DA16}.Release|Any CPU.Build.0 = Release|Any CPU
		{26A19BD6-A35F-40B9-AAB1-5D7FF32AFE1E}.Debug|Any CPU.ActiveCfg = Debug|Any CPU
		{26A19BD6-A35F-40B9-AAB1-5D7FF32AFE1E}.Debug|Any CPU.Build.0 = Debug|Any CPU
		{26A19BD6-A35F-40B9-AAB1-5D7FF32AFE1E}.Release|Any CPU.ActiveCfg = Release|Any CPU
		{26A19BD6-A35F-40B9-AAB1-5D7FF32AFE1E}.Release|Any CPU.Build.0 = Release|Any CPU
		{759C19B3-A56A-4810-A4A8-8ED83F2F3782}.Debug|Any CPU.ActiveCfg = Debug|Any CPU
		{759C19B3-A56A-4810-A4A8-8ED83F2F3782}.Debug|Any CPU.Build.0 = Debug|Any CPU
		{759C19B3-A56A-4810-A4A8-8ED83F2F3782}.Release|Any CPU.ActiveCfg = Release|Any CPU
		{759C19B3-A56A-4810-A4A8-8ED83F2F3782}.Release|Any CPU.Build.0 = Release|Any CPU
		{0B38174D-53FF-420D-932B-2E34C866AD89}.Debug|Any CPU.ActiveCfg = Debug|Any CPU
		{0B38174D-53FF-420D-932B-2E34C866AD89}.Debug|Any CPU.Build.0 = Debug|Any CPU
		{0B38174D-53FF-420D-932B-2E34C866AD89}.Release|Any CPU.ActiveCfg = Release|Any CPU
		{0B38174D-53FF-420D-932B-2E34C866AD89}.Release|Any CPU.Build.0 = Release|Any CPU
		{4A9F5A7E-265C-4135-86E7-537E95DF0268}.Debug|Any CPU.ActiveCfg = Debug|Any CPU
		{4A9F5A7E-265C-4135-86E7-537E95DF0268}.Debug|Any CPU.Build.0 = Debug|Any CPU
		{4A9F5A7E-265C-4135-86E7-537E95DF0268}.Release|Any CPU.ActiveCfg = Release|Any CPU
		{4A9F5A7E-265C-4135-86E7-537E95DF0268}.Release|Any CPU.Build.0 = Release|Any CPU
		{F657897C-9EC2-44DB-9F2C-BD91367B1FA5}.Debug|Any CPU.ActiveCfg = Debug|Any CPU
		{F657897C-9EC2-44DB-9F2C-BD91367B1FA5}.Debug|Any CPU.Build.0 = Debug|Any CPU
		{F657897C-9EC2-44DB-9F2C-BD91367B1FA5}.Release|Any CPU.ActiveCfg = Release|Any CPU
		{F657897C-9EC2-44DB-9F2C-BD91367B1FA5}.Release|Any CPU.Build.0 = Release|Any CPU
		{34CBE1AA-95BC-4BB7-8AC6-74AA254BE622}.Debug|Any CPU.ActiveCfg = Debug|Any CPU
		{34CBE1AA-95BC-4BB7-8AC6-74AA254BE622}.Debug|Any CPU.Build.0 = Debug|Any CPU
		{34CBE1AA-95BC-4BB7-8AC6-74AA254BE622}.Release|Any CPU.ActiveCfg = Release|Any CPU
		{34CBE1AA-95BC-4BB7-8AC6-74AA254BE622}.Release|Any CPU.Build.0 = Release|Any CPU
		{56046C80-C6CF-4E58-9D05-F2C2AAC57965}.Debug|Any CPU.ActiveCfg = Debug|Any CPU
		{56046C80-C6CF-4E58-9D05-F2C2AAC57965}.Debug|Any CPU.Build.0 = Debug|Any CPU
		{56046C80-C6CF-4E58-9D05-F2C2AAC57965}.Release|Any CPU.ActiveCfg = Release|Any CPU
		{56046C80-C6CF-4E58-9D05-F2C2AAC57965}.Release|Any CPU.Build.0 = Release|Any CPU
	EndGlobalSection
	GlobalSection(SolutionProperties) = preSolution
		HideSolutionNode = FALSE
	EndGlobalSection
	GlobalSection(NestedProjects) = preSolution
		{C31D5C3F-0988-4EF8-B9BE-D3C685329D46} = {BB12026F-DBDE-498E-A86C-AF5E358C898F}
		{1EAA18D5-817E-44C4-894B-B8059ED55D33} = {C31D5C3F-0988-4EF8-B9BE-D3C685329D46}
		{B89A44D9-D6B0-4E3D-BCA2-C55346AD72A3} = {C31D5C3F-0988-4EF8-B9BE-D3C685329D46}
		{56C553F0-622D-4B7E-9B00-AF138D6B8DF2} = {C31D5C3F-0988-4EF8-B9BE-D3C685329D46}
		{EC851656-9B6C-4E92-96E8-F3AE27D62A6D} = {C31D5C3F-0988-4EF8-B9BE-D3C685329D46}
		{1217E6CB-F35D-4986-9C13-09AC72CF75F9} = {CE710D19-65FE-47EF-B37E-3E8C39B1E595}
		{04B2A48D-02E1-476A-95D0-2058D7B458B3} = {1217E6CB-F35D-4986-9C13-09AC72CF75F9}
		{E7B07738-E657-4D3B-B7FF-5550443401CD} = {04B2A48D-02E1-476A-95D0-2058D7B458B3}
		{1232DC9D-F3BC-4DFE-81DA-BEED03BE9A8B} = {04B2A48D-02E1-476A-95D0-2058D7B458B3}
		{28DF9A14-0442-474C-8B7E-790A57F4DA16} = {04B2A48D-02E1-476A-95D0-2058D7B458B3}
		{26A19BD6-A35F-40B9-AAB1-5D7FF32AFE1E} = {04B2A48D-02E1-476A-95D0-2058D7B458B3}
		{759C19B3-A56A-4810-A4A8-8ED83F2F3782} = {04B2A48D-02E1-476A-95D0-2058D7B458B3}
		{0B38174D-53FF-420D-932B-2E34C866AD89} = {04B2A48D-02E1-476A-95D0-2058D7B458B3}
		{9A23F746-9E06-491B-AC9E-EB761321F822} = {1217E6CB-F35D-4986-9C13-09AC72CF75F9}
		{4A9F5A7E-265C-4135-86E7-537E95DF0268} = {9A23F746-9E06-491B-AC9E-EB761321F822}
		{F657897C-9EC2-44DB-9F2C-BD91367B1FA5} = {9A23F746-9E06-491B-AC9E-EB761321F822}
		{2B695343-6C23-450A-A8AB-45B6E74DE5AA} = {1217E6CB-F35D-4986-9C13-09AC72CF75F9}
		{34CBE1AA-95BC-4BB7-8AC6-74AA254BE622} = {2B695343-6C23-450A-A8AB-45B6E74DE5AA}
		{56046C80-C6CF-4E58-9D05-F2C2AAC57965} = {2B695343-6C23-450A-A8AB-45B6E74DE5AA}
	EndGlobalSection
	GlobalSection(ExtensibilityGlobals) = postSolution
		SolutionGuid = {943F07AA-03F3-4B14-BA86-E7CEAAE85781}
	EndGlobalSection
EndGlobal
